
Microsoft Visual Studio Solution File, Format Version 12.00
# Visual Studio Version 17
VisualStudioVersion = 17.9.34616.47
MinimumVisualStudioVersion = 10.0.40219.1
Project("{8BC9CEB8-8B4A-11D0-8D11-00A0C91BC942}") = "my_cpp_project_DataStructures_Queue", "my_cpp_project_DataStructures_Queue\my_cpp_project_DataStructures_Queue.vcxproj", "{EFA9D42D-E1E9-4799-B9C0-464AF2E11E3A}"
EndProject
Global
	GlobalSection(SolutionConfigurationPlatforms) = preSolution
		Debug|x64 = Debug|x64
		Debug|x86 = Debug|x86
		Release|x64 = Release|x64
		Release|x86 = Release|x86
	EndGlobalSection
	GlobalSection(ProjectConfigurationPlatforms) = postSolution
		{EFA9D42D-E1E9-4799-B9C0-464AF2E11E3A}.Debug|x64.ActiveCfg = Debug|x64
		{EFA9D42D-E1E9-4799-B9C0-464AF2E11E3A}.Debug|x64.Build.0 = Debug|x64
		{EFA9D42D-E1E9-4799-B9C0-464AF2E11E3A}.Debug|x86.ActiveCfg = Debug|Win32
		{EFA9D42D-E1E9-4799-B9C0-464AF2E11E3A}.Debug|x86.Build.0 = Debug|Win32
		{EFA9D42D-E1E9-4799-B9C0-464AF2E11E3A}.Release|x64.ActiveCfg = Release|x64
		{EFA9D42D-E1E9-4799-B9C0-464AF2E11E3A}.Release|x64.Build.0 = Release|x64
		{EFA9D42D-E1E9-4799-B9C0-464AF2E11E3A}.Release|x86.ActiveCfg = Release|Win32
		{EFA9D42D-E1E9-4799-B9C0-464AF2E11E3A}.Release|x86.Build.0 = Release|Win32
	EndGlobalSection
	GlobalSection(SolutionProperties) = preSolution
		HideSolutionNode = FALSE
	EndGlobalSection
	GlobalSection(ExtensibilityGlobals) = postSolution
		SolutionGuid = {DA177582-D36D-4230-A04A-40CDCAEC44CD}
	EndGlobalSection
EndGlobal
